
Microsoft Visual Studio Solution File, Format Version 12.00
# Visual Studio Version 16
VisualStudioVersion = 16.0.30523.141
MinimumVisualStudioVersion = 10.0.40219.1
Project("{FAE04EC0-301F-11D3-BF4B-00C04F79EFBC}") = "test10-1", "test10-1\test10-1.csproj", "{E00C8395-AE25-4983-8AEE-45C5E9CBB531}"
EndProject
Global
	GlobalSection(SolutionConfigurationPlatforms) = preSolution
		Debug|Any CPU = Debug|Any CPU
		Release|Any CPU = Release|Any CPU
	EndGlobalSection
	GlobalSection(ProjectConfigurationPlatforms) = postSolution
		{E00C8395-AE25-4983-8AEE-45C5E9CBB531}.Debug|Any CPU.ActiveCfg = Debug|Any CPU
		{E00C8395-AE25-4983-8AEE-45C5E9CBB531}.Debug|Any CPU.Build.0 = Debug|Any CPU
		{E00C8395-AE25-4983-8AEE-45C5E9CBB531}.Release|Any CPU.ActiveCfg = Release|Any CPU
		{E00C8395-AE25-4983-8AEE-45C5E9CBB531}.Release|Any CPU.Build.0 = Release|Any CPU
	EndGlobalSection
	GlobalSection(SolutionProperties) = preSolution
		HideSolutionNode = FALSE
	EndGlobalSection
	GlobalSection(ExtensibilityGlobals) = postSolution
		SolutionGuid = {CC8706FB-B19A-4160-B0AA-518DDCF70D64}
	EndGlobalSection
EndGlobal
